// !$*UTF8*$!
{
	archiveVersion = 1;
	classes = {
	};
	objectVersion = 50;
	objects = {

/* Begin PBXBuildFile section */
		334ECABD21BD5555005F8915 /* AppDelegate.m in Sources */ = {isa = PBXBuildFile; fileRef = 334ECABC21BD5555005F8915 /* AppDelegate.m */; };
		334ECAC321BD5555005F8915 /* Main.storyboard in Resources */ = {isa = PBXBuildFile; fileRef = 334ECAC121BD5555005F8915 /* Main.storyboard */; };
		334ECAC521BD5555005F8915 /* Assets.xcassets in Resources */ = {isa = PBXBuildFile; fileRef = 334ECAC421BD5555005F8915 /* Assets.xcassets */; };
		334ECAC821BD5555005F8915 /* LaunchScreen.storyboard in Resources */ = {isa = PBXBuildFile; fileRef = 334ECAC621BD5555005F8915 /* LaunchScreen.storyboard */; };
		334ECACB21BD5555005F8915 /* main.m in Sources */ = {isa = PBXBuildFile; fileRef = 334ECACA21BD5555005F8915 /* main.m */; };
		334ECAD521BD5556005F8915 /* BSPreloadTableViewDemoTests.m in Sources */ = {isa = PBXBuildFile; fileRef = 334ECAD421BD5556005F8915 /* BSPreloadTableViewDemoTests.m */; };
		334ECAE021BD5556005F8915 /* BSPreloadTableViewDemoUITests.m in Sources */ = {isa = PBXBuildFile; fileRef = 334ECADF21BD5556005F8915 /* BSPreloadTableViewDemoUITests.m */; };
		334ECAFE21BD578E005F8915 /* BSPreloadTableViewDemo.m in Sources */ = {isa = PBXBuildFile; fileRef = 334ECAEE21BD578D005F8915 /* BSPreloadTableViewDemo.m */; };
		334ECAFF21BD578E005F8915 /* TableViewCellTest.m in Sources */ = {isa = PBXBuildFile; fileRef = 334ECAF121BD578D005F8915 /* TableViewCellTest.m */; };
		334ECB0021BD578E005F8915 /* TableViewCellTest.xib in Resources */ = {isa = PBXBuildFile; fileRef = 334ECAF321BD578D005F8915 /* TableViewCellTest.xib */; };
		334ECB0121BD578E005F8915 /* BSPreloadTableView.m in Sources */ = {isa = PBXBuildFile; fileRef = 334ECAF521BD578E005F8915 /* BSPreloadTableView.m */; };
		334ECB0221BD578E005F8915 /* BSPTVReachability.m in Sources */ = {isa = PBXBuildFile; fileRef = 334ECAF721BD578E005F8915 /* BSPTVReachability.m */; };
		334ECB0321BD578E005F8915 /* BSPTVReachabilityManager.m in Sources */ = {isa = PBXBuildFile; fileRef = 334ECAFA21BD578E005F8915 /* BSPTVReachabilityManager.m */; };
		334ECB0421BD578E005F8915 /* BSRequestManager.m in Sources */ = {isa = PBXBuildFile; fileRef = 334ECAFC21BD578E005F8915 /* BSRequestManager.m */; };
		334ECB0521BD578E005F8915 /* ViewController.m in Sources */ = {isa = PBXBuildFile; fileRef = 334ECAFD21BD578E005F8915 /* ViewController.m */; };
		54F674129DB28A99BFC51802 /* libPods-BSPreloadTableViewDemoUITests.a in Frameworks */ = {isa = PBXBuildFile; fileRef = FB1FE57091CBF33C4ECA00FE /* libPods-BSPreloadTableViewDemoUITests.a */; };
		8E2350E3B7F184F80E364615 /* libPods-BSPreloadTableViewDemoTests.a in Frameworks */ = {isa = PBXBuildFile; fileRef = 97B5C0ECC87B047D37277B48 /* libPods-BSPreloadTableViewDemoTests.a */; };
		BF951B7696FFEF8D76500A94 /* libPods-BSPreloadTableViewDemo.a in Frameworks */ = {isa = PBXBuildFile; fileRef = 2F8E44356C2A6D597A01F701 /* libPods-BSPreloadTableViewDemo.a */; };
/* End PBXBuildFile section */

/* Begin PBXContainerItemProxy section */
		334ECAD121BD5556005F8915 /* PBXContainerItemProxy */ = {
			isa = PBXContainerItemProxy;
			containerPortal = 334ECAB021BD5555005F8915 /* Project object */;
			proxyType = 1;
			remoteGlobalIDString = 334ECAB721BD5555005F8915;
			remoteInfo = BSPreloadTableViewDemo;
		};
		334ECADC21BD5556005F8915 /* PBXContainerItemProxy */ = {
			isa = PBXContainerItemProxy;
			containerPortal = 334ECAB021BD5555005F8915 /* Project object */;
			proxyType = 1;
			remoteGlobalIDString = 334ECAB721BD5555005F8915;
			remoteInfo = BSPreloadTableViewDemo;
		};
/* End PBXContainerItemProxy section */

/* Begin PBXFileReference section */
		27F1F81CC635E0DC947BE101 /* Pods-BSPreloadTableViewDemo.release.xcconfig */ = {isa = PBXFileReference; includeInIndex = 1; lastKnownFileType = text.xcconfig; name = "Pods-BSPreloadTableViewDemo.release.xcconfig"; path = "Pods/Target Support Files/Pods-BSPreloadTableViewDemo/Pods-BSPreloadTableViewDemo.release.xcconfig"; sourceTree = "<group>"; };
		2F8E44356C2A6D597A01F701 /* libPods-BSPreloadTableViewDemo.a */ = {isa = PBXFileReference; explicitFileType = archive.ar; includeInIndex = 0; path = "libPods-BSPreloadTableViewDemo.a"; sourceTree = BUILT_PRODUCTS_DIR; };
		334ECAB821BD5555005F8915 /* BSPreloadTableViewDemo.app */ = {isa = PBXFileReference; explicitFileType = wrapper.application; includeInIndex = 0; path = BSPreloadTableViewDemo.app; sourceTree = BUILT_PRODUCTS_DIR; };
		334ECABB21BD5555005F8915 /* AppDelegate.h */ = {isa = PBXFileReference; lastKnownFileType = sourcecode.c.h; path = AppDelegate.h; sourceTree = "<group>"; };
		334ECABC21BD5555005F8915 /* AppDelegate.m */ = {isa = PBXFileReference; lastKnownFileType = sourcecode.c.objc; path = AppDelegate.m; sourceTree = "<group>"; };
		334ECAC221BD5555005F8915 /* Base */ = {isa = PBXFileReference; lastKnownFileType = file.storyboard; name = Base; path = Base.lproj/Main.storyboard; sourceTree = "<group>"; };
		334ECAC421BD5555005F8915 /* Assets.xcassets */ = {isa = PBXFileReference; lastKnownFileType = folder.assetcatalog; path = Assets.xcassets; sourceTree = "<group>"; };
		334ECAC721BD5555005F8915 /* Base */ = {isa = PBXFileReference; lastKnownFileType = file.storyboard; name = Base; path = Base.lproj/LaunchScreen.storyboard; sourceTree = "<group>"; };
		334ECAC921BD5555005F8915 /* Info.plist */ = {isa = PBXFileReference; lastKnownFileType = text.plist.xml; path = Info.plist; sourceTree = "<group>"; };
		334ECACA21BD5555005F8915 /* main.m */ = {isa = PBXFileReference; lastKnownFileType = sourcecode.c.objc; path = main.m; sourceTree = "<group>"; };
		334ECAD021BD5556005F8915 /* BSPreloadTableViewDemoTests.xctest */ = {isa = PBXFileReference; explicitFileType = wrapper.cfbundle; includeInIndex = 0; path = BSPreloadTableViewDemoTests.xctest; sourceTree = BUILT_PRODUCTS_DIR; };
		334ECAD421BD5556005F8915 /* BSPreloadTableViewDemoTests.m */ = {isa = PBXFileReference; lastKnownFileType = sourcecode.c.objc; path = BSPreloadTableViewDemoTests.m; sourceTree = "<group>"; };
		334ECAD621BD5556005F8915 /* Info.plist */ = {isa = PBXFileReference; lastKnownFileType = text.plist.xml; path = Info.plist; sourceTree = "<group>"; };
		334ECADB21BD5556005F8915 /* BSPreloadTableViewDemoUITests.xctest */ = {isa = PBXFileReference; explicitFileType = wrapper.cfbundle; includeInIndex = 0; path = BSPreloadTableViewDemoUITests.xctest; sourceTree = BUILT_PRODUCTS_DIR; };
		334ECADF21BD5556005F8915 /* BSPreloadTableViewDemoUITests.m */ = {isa = PBXFileReference; lastKnownFileType = sourcecode.c.objc; path = BSPreloadTableViewDemoUITests.m; sourceTree = "<group>"; };
		334ECAE121BD5556005F8915 /* Info.plist */ = {isa = PBXFileReference; lastKnownFileType = text.plist.xml; path = Info.plist; sourceTree = "<group>"; };
		334ECAED21BD578D005F8915 /* BSRequestManager.h */ = {isa = PBXFileReference; fileEncoding = 4; lastKnownFileType = sourcecode.c.h; path = BSRequestManager.h; sourceTree = "<group>"; };
		334ECAEE21BD578D005F8915 /* BSPreloadTableViewDemo.m */ = {isa = PBXFileReference; fileEncoding = 4; lastKnownFileType = sourcecode.c.objc; path = BSPreloadTableViewDemo.m; sourceTree = "<group>"; };
		334ECAEF21BD578D005F8915 /* BSPreloadTableViewDemo.h */ = {isa = PBXFileReference; fileEncoding = 4; lastKnownFileType = sourcecode.c.h; path = BSPreloadTableViewDemo.h; sourceTree = "<group>"; };
		334ECAF021BD578D005F8915 /* TableViewCellTest.h */ = {isa = PBXFileReference; fileEncoding = 4; lastKnownFileType = sourcecode.c.h; path = TableViewCellTest.h; sourceTree = "<group>"; };
		334ECAF121BD578D005F8915 /* TableViewCellTest.m */ = {isa = PBXFileReference; fileEncoding = 4; lastKnownFileType = sourcecode.c.objc; path = TableViewCellTest.m; sourceTree = "<group>"; };
		334ECAF221BD578D005F8915 /* ViewController.h */ = {isa = PBXFileReference; fileEncoding = 4; lastKnownFileType = sourcecode.c.h; path = ViewController.h; sourceTree = "<group>"; };
		334ECAF321BD578D005F8915 /* TableViewCellTest.xib */ = {isa = PBXFileReference; fileEncoding = 4; lastKnownFileType = file.xib; path = TableViewCellTest.xib; sourceTree = "<group>"; };
		334ECAF521BD578E005F8915 /* BSPreloadTableView.m */ = {isa = PBXFileReference; fileEncoding = 4; lastKnownFileType = sourcecode.c.objc; path = BSPreloadTableView.m; sourceTree = "<group>"; };
		334ECAF721BD578E005F8915 /* BSPTVReachability.m */ = {isa = PBXFileReference; fileEncoding = 4; lastKnownFileType = sourcecode.c.objc; path = BSPTVReachability.m; sourceTree = "<group>"; };
		334ECAF821BD578E005F8915 /* BSPTVReachabilityManager.h */ = {isa = PBXFileReference; fileEncoding = 4; lastKnownFileType = sourcecode.c.h; path = BSPTVReachabilityManager.h; sourceTree = "<group>"; };
		334ECAF921BD578E005F8915 /* BSPTVReachability.h */ = {isa = PBXFileReference; fileEncoding = 4; lastKnownFileType = sourcecode.c.h; path = BSPTVReachability.h; sourceTree = "<group>"; };
		334ECAFA21BD578E005F8915 /* BSPTVReachabilityManager.m */ = {isa = PBXFileReference; fileEncoding = 4; lastKnownFileType = sourcecode.c.objc; path = BSPTVReachabilityManager.m; sourceTree = "<group>"; };
		334ECAFB21BD578E005F8915 /* BSPreloadTableView.h */ = {isa = PBXFileReference; fileEncoding = 4; lastKnownFileType = sourcecode.c.h; path = BSPreloadTableView.h; sourceTree = "<group>"; };
		334ECAFC21BD578E005F8915 /* BSRequestManager.m */ = {isa = PBXFileReference; fileEncoding = 4; lastKnownFileType = sourcecode.c.objc; path = BSRequestManager.m; sourceTree = "<group>"; };
		334ECAFD21BD578E005F8915 /* ViewController.m */ = {isa = PBXFileReference; fileEncoding = 4; lastKnownFileType = sourcecode.c.objc; path = ViewController.m; sourceTree = "<group>"; };
		565298D1A889799407158B11 /* Pods-BSPreloadTableViewDemoTests.debug.xcconfig */ = {isa = PBXFileReference; includeInIndex = 1; lastKnownFileType = text.xcconfig; name = "Pods-BSPreloadTableViewDemoTests.debug.xcconfig"; path = "Pods/Target Support Files/Pods-BSPreloadTableViewDemoTests/Pods-BSPreloadTableViewDemoTests.debug.xcconfig"; sourceTree = "<group>"; };
		6D2C8CB12E49FB8CF81191C0 /* Pods-BSPreloadTableViewDemo.debug.xcconfig */ = {isa = PBXFileReference; includeInIndex = 1; lastKnownFileType = text.xcconfig; name = "Pods-BSPreloadTableViewDemo.debug.xcconfig"; path = "Pods/Target Support Files/Pods-BSPreloadTableViewDemo/Pods-BSPreloadTableViewDemo.debug.xcconfig"; sourceTree = "<group>"; };
		7C1AB575A1B787F18D3FF891 /* Pods-BSPreloadTableViewDemoTests.release.xcconfig */ = {isa = PBXFileReference; includeInIndex = 1; lastKnownFileType = text.xcconfig; name = "Pods-BSPreloadTableViewDemoTests.release.xcconfig"; path = "Pods/Target Support Files/Pods-BSPreloadTableViewDemoTests/Pods-BSPreloadTableViewDemoTests.release.xcconfig"; sourceTree = "<group>"; };
		97B5C0ECC87B047D37277B48 /* libPods-BSPreloadTableViewDemoTests.a */ = {isa = PBXFileReference; explicitFileType = archive.ar; includeInIndex = 0; path = "libPods-BSPreloadTableViewDemoTests.a"; sourceTree = BUILT_PRODUCTS_DIR; };
		B6F6A99565A461BD644D0079 /* Pods-BSPreloadTableViewDemoUITests.release.xcconfig */ = {isa = PBXFileReference; includeInIndex = 1; lastKnownFileType = text.xcconfig; name = "Pods-BSPreloadTableViewDemoUITests.release.xcconfig"; path = "Pods/Target Support Files/Pods-BSPreloadTableViewDemoUITests/Pods-BSPreloadTableViewDemoUITests.release.xcconfig"; sourceTree = "<group>"; };
		FB1FE57091CBF33C4ECA00FE /* libPods-BSPreloadTableViewDemoUITests.a */ = {isa = PBXFileReference; explicitFileType = archive.ar; includeInIndex = 0; path = "libPods-BSPreloadTableViewDemoUITests.a"; sourceTree = BUILT_PRODUCTS_DIR; };
		FEBA8196DE522D5CDB45E9E2 /* Pods-BSPreloadTableViewDemoUITests.debug.xcconfig */ = {isa = PBXFileReference; includeInIndex = 1; lastKnownFileType = text.xcconfig; name = "Pods-BSPreloadTableViewDemoUITests.debug.xcconfig"; path = "Pods/Target Support Files/Pods-BSPreloadTableViewDemoUITests/Pods-BSPreloadTableViewDemoUITests.debug.xcconfig"; sourceTree = "<group>"; };
/* End PBXFileReference section */

/* Begin PBXFrameworksBuildPhase section */
		334ECAB521BD5555005F8915 /* Frameworks */ = {
			isa = PBXFrameworksBuildPhase;
			buildActionMask = 2147483647;
			files = (
				BF951B7696FFEF8D76500A94 /* libPods-BSPreloadTableViewDemo.a in Frameworks */,
			);
			runOnlyForDeploymentPostprocessing = 0;
		};
		334ECACD21BD5556005F8915 /* Frameworks */ = {
			isa = PBXFrameworksBuildPhase;
			buildActionMask = 2147483647;
			files = (
				8E2350E3B7F184F80E364615 /* libPods-BSPreloadTableViewDemoTests.a in Frameworks */,
			);
			runOnlyForDeploymentPostprocessing = 0;
		};
		334ECAD821BD5556005F8915 /* Frameworks */ = {
			isa = PBXFrameworksBuildPhase;
			buildActionMask = 2147483647;
			files = (
				54F674129DB28A99BFC51802 /* libPods-BSPreloadTableViewDemoUITests.a in Frameworks */,
			);
			runOnlyForDeploymentPostprocessing = 0;
		};
/* End PBXFrameworksBuildPhase section */

/* Begin PBXGroup section */
		334ECAAF21BD5555005F8915 = {
			isa = PBXGroup;
			children = (
				334ECABA21BD5555005F8915 /* BSPreloadTableViewDemo */,
				334ECAD321BD5556005F8915 /* BSPreloadTableViewDemoTests */,
				334ECADE21BD5556005F8915 /* BSPreloadTableViewDemoUITests */,
				334ECAB921BD5555005F8915 /* Products */,
				389FFB5ACCF3DF0E408A6AF6 /* Pods */,
				9094E4ABBD59045866B8B44C /* Frameworks */,
			);
			sourceTree = "<group>";
		};
		334ECAB921BD5555005F8915 /* Products */ = {
			isa = PBXGroup;
			children = (
				334ECAB821BD5555005F8915 /* BSPreloadTableViewDemo.app */,
				334ECAD021BD5556005F8915 /* BSPreloadTableViewDemoTests.xctest */,
				334ECADB21BD5556005F8915 /* BSPreloadTableViewDemoUITests.xctest */,
			);
			name = Products;
			sourceTree = "<group>";
		};
		334ECABA21BD5555005F8915 /* BSPreloadTableViewDemo */ = {
			isa = PBXGroup;
			children = (
				334ECAF421BD578E005F8915 /* BSPreloadTableView */,
				334ECAEF21BD578D005F8915 /* BSPreloadTableViewDemo.h */,
				334ECAEE21BD578D005F8915 /* BSPreloadTableViewDemo.m */,
				334ECAED21BD578D005F8915 /* BSRequestManager.h */,
				334ECAFC21BD578E005F8915 /* BSRequestManager.m */,
				334ECAF021BD578D005F8915 /* TableViewCellTest.h */,
				334ECAF121BD578D005F8915 /* TableViewCellTest.m */,
				334ECAF321BD578D005F8915 /* TableViewCellTest.xib */,
				334ECAF221BD578D005F8915 /* ViewController.h */,
				334ECAFD21BD578E005F8915 /* ViewController.m */,
				334ECABB21BD5555005F8915 /* AppDelegate.h */,
				334ECABC21BD5555005F8915 /* AppDelegate.m */,
				334ECAC121BD5555005F8915 /* Main.storyboard */,
				334ECAC421BD5555005F8915 /* Assets.xcassets */,
				334ECAC621BD5555005F8915 /* LaunchScreen.storyboard */,
				334ECAC921BD5555005F8915 /* Info.plist */,
				334ECACA21BD5555005F8915 /* main.m */,
			);
			path = BSPreloadTableViewDemo;
			sourceTree = "<group>";
		};
		334ECAD321BD5556005F8915 /* BSPreloadTableViewDemoTests */ = {
			isa = PBXGroup;
			children = (
				334ECAD421BD5556005F8915 /* BSPreloadTableViewDemoTests.m */,
				334ECAD621BD5556005F8915 /* Info.plist */,
			);
			path = BSPreloadTableViewDemoTests;
			sourceTree = "<group>";
		};
		334ECADE21BD5556005F8915 /* BSPreloadTableViewDemoUITests */ = {
			isa = PBXGroup;
			children = (
				334ECADF21BD5556005F8915 /* BSPreloadTableViewDemoUITests.m */,
				334ECAE121BD5556005F8915 /* Info.plist */,
			);
			path = BSPreloadTableViewDemoUITests;
			sourceTree = "<group>";
		};
		334ECAF421BD578E005F8915 /* BSPreloadTableView */ = {
			isa = PBXGroup;
			children = (
				334ECAF521BD578E005F8915 /* BSPreloadTableView.m */,
				334ECAF621BD578E005F8915 /* Reachability */,
				334ECAFB21BD578E005F8915 /* BSPreloadTableView.h */,
			);
			path = BSPreloadTableView;
			sourceTree = "<group>";
		};
		334ECAF621BD578E005F8915 /* Reachability */ = {
			isa = PBXGroup;
			children = (
				334ECAF721BD578E005F8915 /* BSPTVReachability.m */,
				334ECAF821BD578E005F8915 /* BSPTVReachabilityManager.h */,
				334ECAF921BD578E005F8915 /* BSPTVReachability.h */,
				334ECAFA21BD578E005F8915 /* BSPTVReachabilityManager.m */,
			);
			path = Reachability;
			sourceTree = "<group>";
		};
		389FFB5ACCF3DF0E408A6AF6 /* Pods */ = {
			isa = PBXGroup;
			children = (
				6D2C8CB12E49FB8CF81191C0 /* Pods-BSPreloadTableViewDemo.debug.xcconfig */,
				27F1F81CC635E0DC947BE101 /* Pods-BSPreloadTableViewDemo.release.xcconfig */,
				565298D1A889799407158B11 /* Pods-BSPreloadTableViewDemoTests.debug.xcconfig */,
				7C1AB575A1B787F18D3FF891 /* Pods-BSPreloadTableViewDemoTests.release.xcconfig */,
				FEBA8196DE522D5CDB45E9E2 /* Pods-BSPreloadTableViewDemoUITests.debug.xcconfig */,
				B6F6A99565A461BD644D0079 /* Pods-BSPreloadTableViewDemoUITests.release.xcconfig */,
			);
			name = Pods;
			sourceTree = "<group>";
		};
		9094E4ABBD59045866B8B44C /* Frameworks */ = {
			isa = PBXGroup;
			children = (
				2F8E44356C2A6D597A01F701 /* libPods-BSPreloadTableViewDemo.a */,
				97B5C0ECC87B047D37277B48 /* libPods-BSPreloadTableViewDemoTests.a */,
				FB1FE57091CBF33C4ECA00FE /* libPods-BSPreloadTableViewDemoUITests.a */,
			);
			name = Frameworks;
			sourceTree = "<group>";
		};
/* End PBXGroup section */

/* Begin PBXNativeTarget section */
		334ECAB721BD5555005F8915 /* BSPreloadTableViewDemo */ = {
			isa = PBXNativeTarget;
			buildConfigurationList = 334ECAE421BD5556005F8915 /* Build configuration list for PBXNativeTarget "BSPreloadTableViewDemo" */;
			buildPhases = (
				250E6A39A60ACA1369DEEC21 /* [CP] Check Pods Manifest.lock */,
				334ECAB421BD5555005F8915 /* Sources */,
				334ECAB521BD5555005F8915 /* Frameworks */,
				334ECAB621BD5555005F8915 /* Resources */,
				58B0E9013D1925FB44431863 /* [CP] Copy Pods Resources */,
			);
			buildRules = (
			);
			dependencies = (
			);
			name = BSPreloadTableViewDemo;
			productName = BSPreloadTableViewDemo;
			productReference = 334ECAB821BD5555005F8915 /* BSPreloadTableViewDemo.app */;
			productType = "com.apple.product-type.application";
		};
		334ECACF21BD5556005F8915 /* BSPreloadTableViewDemoTests */ = {
			isa = PBXNativeTarget;
			buildConfigurationList = 334ECAE721BD5556005F8915 /* Build configuration list for PBXNativeTarget "BSPreloadTableViewDemoTests" */;
			buildPhases = (
				83C3C65437664234CB7FFFB6 /* [CP] Check Pods Manifest.lock */,
				334ECACC21BD5556005F8915 /* Sources */,
				334ECACD21BD5556005F8915 /* Frameworks */,
				334ECACE21BD5556005F8915 /* Resources */,
			);
			buildRules = (
			);
			dependencies = (
				334ECAD221BD5556005F8915 /* PBXTargetDependency */,
			);
			name = BSPreloadTableViewDemoTests;
			productName = BSPreloadTableViewDemoTests;
			productReference = 334ECAD021BD5556005F8915 /* BSPreloadTableViewDemoTests.xctest */;
			productType = "com.apple.product-type.bundle.unit-test";
		};
		334ECADA21BD5556005F8915 /* BSPreloadTableViewDemoUITests */ = {
			isa = PBXNativeTarget;
			buildConfigurationList = 334ECAEA21BD5556005F8915 /* Build configuration list for PBXNativeTarget "BSPreloadTableViewDemoUITests" */;
			buildPhases = (
				72E8697A78609B95FCD78175 /* [CP] Check Pods Manifest.lock */,
				334ECAD721BD5556005F8915 /* Sources */,
				334ECAD821BD5556005F8915 /* Frameworks */,
				334ECAD921BD5556005F8915 /* Resources */,
			);
			buildRules = (
			);
			dependencies = (
				334ECADD21BD5556005F8915 /* PBXTargetDependency */,
			);
			name = BSPreloadTableViewDemoUITests;
			productName = BSPreloadTableViewDemoUITests;
			productReference = 334ECADB21BD5556005F8915 /* BSPreloadTableViewDemoUITests.xctest */;
			productType = "com.apple.product-type.bundle.ui-testing";
		};
/* End PBXNativeTarget section */

/* Begin PBXProject section */
		334ECAB021BD5555005F8915 /* Project object */ = {
			isa = PBXProject;
			attributes = {
				LastUpgradeCheck = 1000;
				ORGANIZATIONNAME = BaiShun;
				TargetAttributes = {
					334ECAB721BD5555005F8915 = {
						CreatedOnToolsVersion = 10.0;
					};
					334ECACF21BD5556005F8915 = {
						CreatedOnToolsVersion = 10.0;
						TestTargetID = 334ECAB721BD5555005F8915;
					};
					334ECADA21BD5556005F8915 = {
						CreatedOnToolsVersion = 10.0;
						TestTargetID = 334ECAB721BD5555005F8915;
					};
				};
			};
			buildConfigurationList = 334ECAB321BD5555005F8915 /* Build configuration list for PBXProject "BSPreloadTableViewDemo" */;
			compatibilityVersion = "Xcode 9.3";
			developmentRegion = en;
			hasScannedForEncodings = 0;
			knownRegions = (
				en,
				Base,
			);
			mainGroup = 334ECAAF21BD5555005F8915;
			productRefGroup = 334ECAB921BD5555005F8915 /* Products */;
			projectDirPath = "";
			projectRoot = "";
			targets = (
				334ECAB721BD5555005F8915 /* BSPreloadTableViewDemo */,
				334ECACF21BD5556005F8915 /* BSPreloadTableViewDemoTests */,
				334ECADA21BD5556005F8915 /* BSPreloadTableViewDemoUITests */,
			);
		};
/* End PBXProject section */

/* Begin PBXResourcesBuildPhase section */
		334ECAB621BD5555005F8915 /* Resources */ = {
			isa = PBXResourcesBuildPhase;
			buildActionMask = 2147483647;
			files = (
				334ECAC821BD5555005F8915 /* LaunchScreen.storyboard in Resources */,
				334ECB0021BD578E005F8915 /* TableViewCellTest.xib in Resources */,
				334ECAC521BD5555005F8915 /* Assets.xcassets in Resources */,
				334ECAC321BD5555005F8915 /* Main.storyboard in Resources */,
			);
			runOnlyForDeploymentPostprocessing = 0;
		};
		334ECACE21BD5556005F8915 /* Resources */ = {
			isa = PBXResourcesBuildPhase;
			buildActionMask = 2147483647;
			files = (
			);
			runOnlyForDeploymentPostprocessing = 0;
		};
		334ECAD921BD5556005F8915 /* Resources */ = {
			isa = PBXResourcesBuildPhase;
			buildActionMask = 2147483647;
			files = (
			);
			runOnlyForDeploymentPostprocessing = 0;
		};
/* End PBXResourcesBuildPhase section */

/* Begin PBXShellScriptBuildPhase section */
		250E6A39A60ACA1369DEEC21 /* [CP] Check Pods Manifest.lock */ = {
			isa = PBXShellScriptBuildPhase;
			buildActionMask = 2147483647;
			files = (
			);
			inputFileListPaths = (
			);
			inputPaths = (
				"${PODS_PODFILE_DIR_PATH}/Podfile.lock",
				"${PODS_ROOT}/Manifest.lock",
			);
			name = "[CP] Check Pods Manifest.lock";
			outputFileListPaths = (
			);
			outputPaths = (
				"$(DERIVED_FILE_DIR)/Pods-BSPreloadTableViewDemo-checkManifestLockResult.txt",
			);
			runOnlyForDeploymentPostprocessing = 0;
			shellPath = /bin/sh;
			shellScript = "diff \"${PODS_PODFILE_DIR_PATH}/Podfile.lock\" \"${PODS_ROOT}/Manifest.lock\" > /dev/null\nif [ $? != 0 ] ; then\n    # print error to STDERR\n    echo \"error: The sandbox is not in sync with the Podfile.lock. Run 'pod install' or update your CocoaPods installation.\" >&2\n    exit 1\nfi\n# This output is used by Xcode 'outputs' to avoid re-running this script phase.\necho \"SUCCESS\" > \"${SCRIPT_OUTPUT_FILE_0}\"\n";
			showEnvVarsInLog = 0;
		};
		58B0E9013D1925FB44431863 /* [CP] Copy Pods Resources */ = {
			isa = PBXShellScriptBuildPhase;
			buildActionMask = 2147483647;
			files = (
			);
			inputFileListPaths = (
			);
			inputPaths = (
				"${SRCROOT}/Pods/Target Support Files/Pods-BSPreloadTableViewDemo/Pods-BSPreloadTableViewDemo-resources.sh",
				"${PODS_ROOT}/MJRefresh/MJRefresh/MJRefresh.bundle",
			);
			name = "[CP] Copy Pods Resources";
			outputFileListPaths = (
			);
			outputPaths = (
				"${TARGET_BUILD_DIR}/${UNLOCALIZED_RESOURCES_FOLDER_PATH}/MJRefresh.bundle",
			);
			runOnlyForDeploymentPostprocessing = 0;
			shellPath = /bin/sh;
			shellScript = "\"${SRCROOT}/Pods/Target Support Files/Pods-BSPreloadTableViewDemo/Pods-BSPreloadTableViewDemo-resources.sh\"\n";
			showEnvVarsInLog = 0;
		};
		72E8697A78609B95FCD78175 /* [CP] Check Pods Manifest.lock */ = {
			isa = PBXShellScriptBuildPhase;
			buildActionMask = 2147483647;
			files = (
			);
			inputFileListPaths = (
			);
			inputPaths = (
				"${PODS_PODFILE_DIR_PATH}/Podfile.lock",
				"${PODS_ROOT}/Manifest.lock",
			);
			name = "[CP] Check Pods Manifest.lock";
			outputFileListPaths = (
			);
			outputPaths = (
				"$(DERIVED_FILE_DIR)/Pods-BSPreloadTableViewDemoUITests-checkManifestLockResult.txt",
			);
			runOnlyForDeploymentPostprocessing = 0;
			shellPath = /bin/sh;
			shellScript = "diff \"${PODS_PODFILE_DIR_PATH}/Podfile.lock\" \"${PODS_ROOT}/Manifest.lock\" > /dev/null\nif [ $? != 0 ] ; then\n    # print error to STDERR\n    echo \"error: The sandbox is not in sync with the Podfile.lock. Run 'pod install' or update your CocoaPods installation.\" >&2\n    exit 1\nfi\n# This output is used by Xcode 'outputs' to avoid re-running this script phase.\necho \"SUCCESS\" > \"${SCRIPT_OUTPUT_FILE_0}\"\n";
			showEnvVarsInLog = 0;
		};
		83C3C65437664234CB7FFFB6 /* [CP] Check Pods Manifest.lock */ = {
			isa = PBXShellScriptBuildPhase;
			buildActionMask = 2147483647;
			files = (
			);
			inputFileListPaths = (
			);
			inputPaths = (
				"${PODS_PODFILE_DIR_PATH}/Podfile.lock",
				"${PODS_ROOT}/Manifest.lock",
			);
			name = "[CP] Check Pods Manifest.lock";
			outputFileListPaths = (
			);
			outputPaths = (
				"$(DERIVED_FILE_DIR)/Pods-BSPreloadTableViewDemoTests-checkManifestLockResult.txt",
			);
			runOnlyForDeploymentPostprocessing = 0;
			shellPath = /bin/sh;
			shellScript = "diff \"${PODS_PODFILE_DIR_PATH}/Podfile.lock\" \"${PODS_ROOT}/Manifest.lock\" > /dev/null\nif [ $? != 0 ] ; then\n    # print error to STDERR\n    echo \"error: The sandbox is not in sync with the Podfile.lock. Run 'pod install' or update your CocoaPods installation.\" >&2\n    exit 1\nfi\n# This output is used by Xcode 'outputs' to avoid re-running this script phase.\necho \"SUCCESS\" > \"${SCRIPT_OUTPUT_FILE_0}\"\n";
			showEnvVarsInLog = 0;
		};
/* End PBXShellScriptBuildPhase section */

/* Begin PBXSourcesBuildPhase section */
		334ECAB421BD5555005F8915 /* Sources */ = {
			isa = PBXSourcesBuildPhase;
			buildActionMask = 2147483647;
			files = (
				334ECB0521BD578E005F8915 /* ViewController.m in Sources */,
				334ECB0321BD578E005F8915 /* BSPTVReachabilityManager.m in Sources */,
				334ECACB21BD5555005F8915 /* main.m in Sources */,
				334ECAFF21BD578E005F8915 /* TableViewCellTest.m in Sources */,
				334ECB0121BD578E005F8915 /* BSPreloadTableView.m in Sources */,
				334ECAFE21BD578E005F8915 /* BSPreloadTableViewDemo.m in Sources */,
				334ECB0221BD578E005F8915 /* BSPTVReachability.m in Sources */,
				334ECB0421BD578E005F8915 /* BSRequestManager.m in Sources */,
				334ECABD21BD5555005F8915 /* AppDelegate.m in Sources */,
			);
			runOnlyForDeploymentPostprocessing = 0;
		};
		334ECACC21BD5556005F8915 /* Sources */ = {
			isa = PBXSourcesBuildPhase;
			buildActionMask = 2147483647;
			files = (
				334ECAD521BD5556005F8915 /* BSPreloadTableViewDemoTests.m in Sources */,
			);
			runOnlyForDeploymentPostprocessing = 0;
		};
		334ECAD721BD5556005F8915 /* Sources */ = {
			isa = PBXSourcesBuildPhase;
			buildActionMask = 2147483647;
			files = (
				334ECAE021BD5556005F8915 /* BSPreloadTableViewDemoUITests.m in Sources */,
			);
			runOnlyForDeploymentPostprocessing = 0;
		};
/* End PBXSourcesBuildPhase section */

/* Begin PBXTargetDependency section */
		334ECAD221BD5556005F8915 /* PBXTargetDependency */ = {
			isa = PBXTargetDependency;
			target = 334ECAB721BD5555005F8915 /* BSPreloadTableViewDemo */;
			targetProxy = 334ECAD121BD5556005F8915 /* PBXContainerItemProxy */;
		};
		334ECADD21BD5556005F8915 /* PBXTargetDependency */ = {
			isa = PBXTargetDependency;
			target = 334ECAB721BD5555005F8915 /* BSPreloadTableViewDemo */;
			targetProxy = 334ECADC21BD5556005F8915 /* PBXContainerItemProxy */;
		};
/* End PBXTargetDependency section */

/* Begin PBXVariantGroup section */
		334ECAC121BD5555005F8915 /* Main.storyboard */ = {
			isa = PBXVariantGroup;
			children = (
				334ECAC221BD5555005F8915 /* Base */,
			);
			name = Main.storyboard;
			sourceTree = "<group>";
		};
		334ECAC621BD5555005F8915 /* LaunchScreen.storyboard */ = {
			isa = PBXVariantGroup;
			children = (
				334ECAC721BD5555005F8915 /* Base */,
			);
			name = LaunchScreen.storyboard;
			sourceTree = "<group>";
		};
/* End PBXVariantGroup section */

/* Begin XCBuildConfiguration section */
		334ECAE221BD5556005F8915 /* Debug */ = {
			isa = XCBuildConfiguration;
			buildSettings = {
				ALWAYS_SEARCH_USER_PATHS = NO;
				CLANG_ANALYZER_NONNULL = YES;
				CLANG_ANALYZER_NUMBER_OBJECT_CONVERSION = YES_AGGRESSIVE;
				CLANG_CXX_LANGUAGE_STANDARD = "gnu++14";
				CLANG_CXX_LIBRARY = "libc++";
				CLANG_ENABLE_MODULES = YES;
				CLANG_ENABLE_OBJC_ARC = YES;
				CLANG_ENABLE_OBJC_WEAK = YES;
				CLANG_WARN_BLOCK_CAPTURE_AUTORELEASING = YES;
				CLANG_WARN_BOOL_CONVERSION = YES;
				CLANG_WARN_COMMA = YES;
				CLANG_WARN_CONSTANT_CONVERSION = YES;
				CLANG_WARN_DEPRECATED_OBJC_IMPLEMENTATIONS = YES;
				CLANG_WARN_DIRECT_OBJC_ISA_USAGE = YES_ERROR;
				CLANG_WARN_DOCUMENTATION_COMMENTS = YES;
				CLANG_WARN_EMPTY_BODY = YES;
				CLANG_WARN_ENUM_CONVERSION = YES;
				CLANG_WARN_INFINITE_RECURSION = YES;
				CLANG_WARN_INT_CONVERSION = YES;
				CLANG_WARN_NON_LITERAL_NULL_CONVERSION = YES;
				CLANG_WARN_OBJC_IMPLICIT_RETAIN_SELF = YES;
				CLANG_WARN_OBJC_LITERAL_CONVERSION = YES;
				CLANG_WARN_OBJC_ROOT_CLASS = YES_ERROR;
				CLANG_WARN_RANGE_LOOP_ANALYSIS = YES;
				CLANG_WARN_STRICT_PROTOTYPES = YES;
				CLANG_WARN_SUSPICIOUS_MOVE = YES;
				CLANG_WARN_UNGUARDED_AVAILABILITY = YES_AGGRESSIVE;
				CLANG_WARN_UNREACHABLE_CODE = YES;
				CLANG_WARN__DUPLICATE_METHOD_MATCH = YES;
				CODE_SIGN_IDENTITY = "iPhone Developer";
				COPY_PHASE_STRIP = NO;
				DEBUG_INFORMATION_FORMAT = dwarf;
				ENABLE_STRICT_OBJC_MSGSEND = YES;
				ENABLE_TESTABILITY = YES;
				GCC_C_LANGUAGE_STANDARD = gnu11;
				GCC_DYNAMIC_NO_PIC = NO;
				GCC_NO_COMMON_BLOCKS = YES;
				GCC_OPTIMIZATION_LEVEL = 0;
				GCC_PREPROCESSOR_DEFINITIONS = (
					"DEBUG=1",
					"$(inherited)",
				);
				GCC_WARN_64_TO_32_BIT_CONVERSION = YES;
				GCC_WARN_ABOUT_RETURN_TYPE = YES_ERROR;
				GCC_WARN_UNDECLARED_SELECTOR = YES;
				GCC_WARN_UNINITIALIZED_AUTOS = YES_AGGRESSIVE;
				GCC_WARN_UNUSED_FUNCTION = YES;
				GCC_WARN_UNUSED_VARIABLE = YES;
				IPHONEOS_DEPLOYMENT_TARGET = 12.0;
				MTL_ENABLE_DEBUG_INFO = INCLUDE_SOURCE;
				MTL_FAST_MATH = YES;
				ONLY_ACTIVE_ARCH = YES;
				SDKROOT = iphoneos;
			};
			name = Debug;
		};
		334ECAE321BD5556005F8915 /* Release */ = {
			isa = XCBuildConfiguration;
			buildSettings = {
				ALWAYS_SEARCH_USER_PATHS = NO;
				CLANG_ANALYZER_NONNULL = YES;
				CLANG_ANALYZER_NUMBER_OBJECT_CONVERSION = YES_AGGRESSIVE;
				CLANG_CXX_LANGUAGE_STANDARD = "gnu++14";
				CLANG_CXX_LIBRARY = "libc++";
				CLANG_ENABLE_MODULES = YES;
				CLANG_ENABLE_OBJC_ARC = YES;
				CLANG_ENABLE_OBJC_WEAK = YES;
				CLANG_WARN_BLOCK_CAPTURE_AUTORELEASING = YES;
				CLANG_WARN_BOOL_CONVERSION = YES;
				CLANG_WARN_COMMA = YES;
				CLANG_WARN_CONSTANT_CONVERSION = YES;
				CLANG_WARN_DEPRECATED_OBJC_IMPLEMENTATIONS = YES;
				CLANG_WARN_DIRECT_OBJC_ISA_USAGE = YES_ERROR;
				CLANG_WARN_DOCUMENTATION_COMMENTS = YES;
				CLANG_WARN_EMPTY_BODY = YES;
				CLANG_WARN_ENUM_CONVERSION = YES;
				CLANG_WARN_INFINITE_RECURSION = YES;
				CLANG_WARN_INT_CONVERSION = YES;
				CLANG_WARN_NON_LITERAL_NULL_CONVERSION = YES;
				CLANG_WARN_OBJC_IMPLICIT_RETAIN_SELF = YES;
				CLANG_WARN_OBJC_LITERAL_CONVERSION = YES;
				CLANG_WARN_OBJC_ROOT_CLASS = YES_ERROR;
				CLANG_WARN_RANGE_LOOP_ANALYSIS = YES;
				CLANG_WARN_STRICT_PROTOTYPES = YES;
				CLANG_WARN_SUSPICIOUS_MOVE = YES;
				CLANG_WARN_UNGUARDED_AVAILABILITY = YES_AGGRESSIVE;
				CLANG_WARN_UNREACHABLE_CODE = YES;
				CLANG_WARN__DUPLICATE_METHOD_MATCH = YES;
				CODE_SIGN_IDENTITY = "iPhone Developer";
				COPY_PHASE_STRIP = NO;
				DEBUG_INFORMATION_FORMAT = "dwarf-with-dsym";
				ENABLE_NS_ASSERTIONS = NO;
				ENABLE_STRICT_OBJC_MSGSEND = YES;
				GCC_C_LANGUAGE_STANDARD = gnu11;
				GCC_NO_COMMON_BLOCKS = YES;
				GCC_WARN_64_TO_32_BIT_CONVERSION = YES;
				GCC_WARN_ABOUT_RETURN_TYPE = YES_ERROR;
				GCC_WARN_UNDECLARED_SELECTOR = YES;
				GCC_WARN_UNINITIALIZED_AUTOS = YES_AGGRESSIVE;
				GCC_WARN_UNUSED_FUNCTION = YES;
				GCC_WARN_UNUSED_VARIABLE = YES;
				IPHONEOS_DEPLOYMENT_TARGET = 12.0;
				MTL_ENABLE_DEBUG_INFO = NO;
				MTL_FAST_MATH = YES;
				SDKROOT = iphoneos;
				VALIDATE_PRODUCT = YES;
			};
			name = Release;
		};
		334ECAE521BD5556005F8915 /* Debug */ = {
			isa = XCBuildConfiguration;
			baseConfigurationReference = 6D2C8CB12E49FB8CF81191C0 /* Pods-BSPreloadTableViewDemo.debug.xcconfig */;
			buildSettings = {
				ASSETCATALOG_COMPILER_APPICON_NAME = AppIcon;
				CODE_SIGN_STYLE = Automatic;
				DEVELOPMENT_TEAM = TE7JH4FV3T;
				INFOPLIST_FILE = BSPreloadTableViewDemo/Info.plist;
				LD_RUNPATH_SEARCH_PATHS = (
					"$(inherited)",
					"@executable_path/Frameworks",
				);
				PRODUCT_BUNDLE_IDENTIFIER = com.baidu.BSPreloadTableViewDemo;
				PRODUCT_NAME = "$(TARGET_NAME)";
				TARGETED_DEVICE_FAMILY = "1,2";
			};
			name = Debug;
		};
		334ECAE621BD5556005F8915 /* Release */ = {
			isa = XCBuildConfiguration;
			baseConfigurationReference = 27F1F81CC635E0DC947BE101 /* Pods-BSPreloadTableViewDemo.release.xcconfig */;
			buildSettings = {
				ASSETCATALOG_COMPILER_APPICON_NAME = AppIcon;
				CODE_SIGN_STYLE = Automatic;
				DEVELOPMENT_TEAM = TE7JH4FV3T;
				INFOPLIST_FILE = BSPreloadTableViewDemo/Info.plist;
				LD_RUNPATH_SEARCH_PATHS = (
					"$(inherited)",
					"@executable_path/Frameworks",
				);
				PRODUCT_BUNDLE_IDENTIFIER = com.baidu.BSPreloadTableViewDemo;
				PRODUCT_NAME = "$(TARGET_NAME)";
				TARGETED_DEVICE_FAMILY = "1,2";
			};
			name = Release;
		};
		334ECAE821BD5556005F8915 /* Debug */ = {
			isa = XCBuildConfiguration;
			baseConfigurationReference = 565298D1A889799407158B11 /* Pods-BSPreloadTableViewDemoTests.debug.xcconfig */;
			buildSettings = {
				BUNDLE_LOADER = "$(TEST_HOST)";
				CODE_SIGN_STYLE = Automatic;
				DEVELOPMENT_TEAM = TE7JH4FV3T;
				INFOPLIST_FILE = BSPreloadTableViewDemoTests/Info.plist;
				LD_RUNPATH_SEARCH_PATHS = (
					"$(inherited)",
					"@executable_path/Frameworks",
					"@loader_path/Frameworks",
				);
				PRODUCT_BUNDLE_IDENTIFIER = com.baidu.BSPreloadTableViewDemoTests;
				PRODUCT_NAME = "$(TARGET_NAME)";
				TARGETED_DEVICE_FAMILY = "1,2";
				TEST_HOST = "$(BUILT_PRODUCTS_DIR)/BSPreloadTableViewDemo.app/BSPreloadTableViewDemo";
			};
			name = Debug;
		};
		334ECAE921BD5556005F8915 /* Release */ = {
			isa = XCBuildConfiguration;
			baseConfigurationReference = 7C1AB575A1B787F18D3FF891 /* Pods-BSPreloadTableViewDemoTests.release.xcconfig */;
			buildSettings = {
				BUNDLE_LOADER = "$(TEST_HOST)";
				CODE_SIGN_STYLE = Automatic;
				DEVELOPMENT_TEAM = TE7JH4FV3T;
				INFOPLIST_FILE = BSPreloadTableViewDemoTests/Info.plist;
				LD_RUNPATH_SEARCH_PATHS = (
					"$(inherited)",
					"@executable_path/Frameworks",
					"@loader_path/Frameworks",
				);
				PRODUCT_BUNDLE_IDENTIFIER = com.baidu.BSPreloadTableViewDemoTests;
				PRODUCT_NAME = "$(TARGET_NAME)";
				TARGETED_DEVICE_FAMILY = "1,2";
				TEST_HOST = "$(BUILT_PRODUCTS_DIR)/BSPreloadTableViewDemo.app/BSPreloadTableViewDemo";
			};
			name = Release;
		};
		334ECAEB21BD5556005F8915 /* Debug */ = {
			isa = XCBuildConfiguration;
			baseConfigurationReference = FEBA8196DE522D5CDB45E9E2 /* Pods-BSPreloadTableViewDemoUITests.debug.xcconfig */;
			buildSettings = {
				CODE_SIGN_STYLE = Automatic;
				DEVELOPMENT_TEAM = TE7JH4FV3T;
				INFOPLIST_FILE = BSPreloadTableViewDemoUITests/Info.plist;
				LD_RUNPATH_SEARCH_PATHS = (
					"$(inherited)",
					"@executable_path/Frameworks",
					"@loader_path/Frameworks",
				);
				PRODUCT_BUNDLE_IDENTIFIER = com.baidu.BSPreloadTableViewDemoUITests;
				PRODUCT_NAME = "$(TARGET_NAME)";
				TARGETED_DEVICE_FAMILY = "1,2";
				TEST_TARGET_NAME = BSPreloadTableViewDemo;
			};
			name = Debug;
		};
		334ECAEC21BD5556005F8915 /* Release */ = {
			isa = XCBuildConfiguration;
			baseConfigurationReference = B6F6A99565A461BD644D0079 /* Pods-BSPreloadTableViewDemoUITests.release.xcconfig */;
			buildSettings = {
				CODE_SIGN_STYLE = Automatic;
				DEVELOPMENT_TEAM = TE7JH4FV3T;
				INFOPLIST_FILE = BSPreloadTableViewDemoUITests/Info.plist;
				LD_RUNPATH_SEARCH_PATHS = (
					"$(inherited)",
					"@executable_path/Frameworks",
					"@loader_path/Frameworks",
				);
				PRODUCT_BUNDLE_IDENTIFIER = com.baidu.BSPreloadTableViewDemoUITests;
				PRODUCT_NAME = "$(TARGET_NAME)";
				TARGETED_DEVICE_FAMILY = "1,2";
				TEST_TARGET_NAME = BSPreloadTableViewDemo;
			};
			name = Release;
		};
/* End XCBuildConfiguration section */

/* Begin XCConfigurationList section */
		334ECAB321BD5555005F8915 /* Build configuration list for PBXProject "BSPreloadTableViewDemo" */ = {
			isa = XCConfigurationList;
			buildConfigurations = (
				334ECAE221BD5556005F8915 /* Debug */,
				334ECAE321BD5556005F8915 /* Release */,
			);
			defaultConfigurationIsVisible = 0;
			defaultConfigurationName = Release;
		};
		334ECAE421BD5556005F8915 /* Build configuration list for PBXNativeTarget "BSPreloadTableViewDemo" */ = {
			isa = XCConfigurationList;
			buildConfigurations = (
				334ECAE521BD5556005F8915 /* Debug */,
				334ECAE621BD5556005F8915 /* Release */,
			);
			defaultConfigurationIsVisible = 0;
			defaultConfigurationName = Release;
		};
		334ECAE721BD5556005F8915 /* Build configuration list for PBXNativeTarget "BSPreloadTableViewDemoTests" */ = {
			isa = XCConfigurationList;
			buildConfigurations = (
				334ECAE821BD5556005F8915 /* Debug */,
				334ECAE921BD5556005F8915 /* Release */,
			);
			defaultConfigurationIsVisible = 0;
			defaultConfigurationName = Release;
		};
		334ECAEA21BD5556005F8915 /* Build configuration list for PBXNativeTarget "BSPreloadTableViewDemoUITests" */ = {
			isa = XCConfigurationList;
			buildConfigurations = (
				334ECAEB21BD5556005F8915 /* Debug */,
				334ECAEC21BD5556005F8915 /* Release */,
			);
			defaultConfigurationIsVisible = 0;
			defaultConfigurationName = Release;
		};
/* End XCConfigurationList section */
	};
	rootObject = 334ECAB021BD5555005F8915 /* Project object */;
}
